
Microsoft Visual Studio Solution File, Format Version 12.00
# Visual Studio Version 17
VisualStudioVersion = 17.3.32825.248
MinimumVisualStudioVersion = 10.0.40219.1
Project("{FAE04EC0-301F-11D3-BF4B-00C04F79EFBC}") = "DogWebApi", "DogWebApi\DogWebApi.csproj", "{8F432D43-F65C-4325-B9D2-B8D5C30AD39B}"
EndProject
Project("{2150E333-8FDC-42A3-9474-1A3956D46DE8}") = "Solution Items", "Solution Items", "{1FC6EAD0-1917-4F16-8D52-668727B03395}"
	ProjectSection(SolutionItems) = preProject
		.editorconfig = .editorconfig
	EndProjectSection
EndProject
Global
	GlobalSection(SolutionConfigurationPlatforms) = preSolution
		Debug|Any CPU = Debug|Any CPU
		Release|Any CPU = Release|Any CPU
	EndGlobalSection
	GlobalSection(ProjectConfigurationPlatforms) = postSolution
		{8F432D43-F65C-4325-B9D2-B8D5C30AD39B}.Debug|Any CPU.ActiveCfg = Debug|Any CPU
		{8F432D43-F65C-4325-B9D2-B8D5C30AD39B}.Debug|Any CPU.Build.0 = Debug|Any CPU
		{8F432D43-F65C-4325-B9D2-B8D5C30AD39B}.Release|Any CPU.ActiveCfg = Release|Any CPU
		{8F432D43-F65C-4325-B9D2-B8D5C30AD39B}.Release|Any CPU.Build.0 = Release|Any CPU
	EndGlobalSection
	GlobalSection(SolutionProperties) = preSolution
		HideSolutionNode = FALSE
	EndGlobalSection
	GlobalSection(ExtensibilityGlobals) = postSolution
		SolutionGuid = {9E604547-061B-47C1-90C6-EFD2047D50B7}
	EndGlobalSection
EndGlobal
